// !$*UTF8*$!
{
	archiveVersion = 1;
	classes = {
	};
	objectVersion = 56;
	objects = {

/* Begin PBXBuildFile section */
		6DD79C132A2473DB008F576D /* AppDelegate.swift in Sources */ = {isa = PBXBuildFile; fileRef = 6DD79C122A2473DB008F576D /* AppDelegate.swift */; };
		6DD79C152A2473DB008F576D /* SceneDelegate.swift in Sources */ = {isa = PBXBuildFile; fileRef = 6DD79C142A2473DB008F576D /* SceneDelegate.swift */; };
		6DD79C172A2473DB008F576D /* HomeVC.swift in Sources */ = {isa = PBXBuildFile; fileRef = 6DD79C162A2473DB008F576D /* HomeVC.swift */; };
		6DD79C1A2A2473DB008F576D /* Main.storyboard in Resources */ = {isa = PBXBuildFile; fileRef = 6DD79C182A2473DB008F576D /* Main.storyboard */; };
		6DD79C1D2A2473DB008F576D /* NotesApp.xcdatamodeld in Sources */ = {isa = PBXBuildFile; fileRef = 6DD79C1B2A2473DB008F576D /* NotesApp.xcdatamodeld */; };
		6DD79C1F2A2473DD008F576D /* Assets.xcassets in Resources */ = {isa = PBXBuildFile; fileRef = 6DD79C1E2A2473DD008F576D /* Assets.xcassets */; };
		6DD79C222A2473DD008F576D /* LaunchScreen.storyboard in Resources */ = {isa = PBXBuildFile; fileRef = 6DD79C202A2473DD008F576D /* LaunchScreen.storyboard */; };
		6DD79C2E2A247B68008F576D /* AddTask.swift in Sources */ = {isa = PBXBuildFile; fileRef = 6DD79C2D2A247B68008F576D /* AddTask.swift */; };
		6DD79C302A2480DB008F576D /* CoreDataViewModel.swift in Sources */ = {isa = PBXBuildFile; fileRef = 6DD79C2F2A2480DB008F576D /* CoreDataViewModel.swift */; };
		6DD79C322A24879B008F576D /* TaskList.swift in Sources */ = {isa = PBXBuildFile; fileRef = 6DD79C312A24879B008F576D /* TaskList.swift */; };
		6DD79C362A248F03008F576D /* NoteCell.swift in Sources */ = {isa = PBXBuildFile; fileRef = 6DD79C352A248F03008F576D /* NoteCell.swift */; };
		6DD79C392A24C306008F576D /* DatePicker.swift in Sources */ = {isa = PBXBuildFile; fileRef = 6DD79C382A24C2CE008F576D /* DatePicker.swift */; };
/* End PBXBuildFile section */

/* Begin PBXFileReference section */
		6DD79C0F2A2473DB008F576D /* NotesApp.app */ = {isa = PBXFileReference; explicitFileType = wrapper.application; includeInIndex = 0; path = NotesApp.app; sourceTree = BUILT_PRODUCTS_DIR; };
		6DD79C122A2473DB008F576D /* AppDelegate.swift */ = {isa = PBXFileReference; lastKnownFileType = sourcecode.swift; path = AppDelegate.swift; sourceTree = "<group>"; };
		6DD79C142A2473DB008F576D /* SceneDelegate.swift */ = {isa = PBXFileReference; lastKnownFileType = sourcecode.swift; path = SceneDelegate.swift; sourceTree = "<group>"; };
		6DD79C162A2473DB008F576D /* HomeVC.swift */ = {isa = PBXFileReference; lastKnownFileType = sourcecode.swift; path = HomeVC.swift; sourceTree = "<group>"; };
		6DD79C192A2473DB008F576D /* Base */ = {isa = PBXFileReference; lastKnownFileType = file.storyboard; name = Base; path = Base.lproj/Main.storyboard; sourceTree = "<group>"; };
		6DD79C1C2A2473DB008F576D /* NotesApp.xcdatamodel */ = {isa = PBXFileReference; lastKnownFileType = wrapper.xcdatamodel; path = NotesApp.xcdatamodel; sourceTree = "<group>"; };
		6DD79C1E2A2473DD008F576D /* Assets.xcassets */ = {isa = PBXFileReference; lastKnownFileType = folder.assetcatalog; path = Assets.xcassets; sourceTree = "<group>"; };
		6DD79C212A2473DD008F576D /* Base */ = {isa = PBXFileReference; lastKnownFileType = file.storyboard; name = Base; path = Base.lproj/LaunchScreen.storyboard; sourceTree = "<group>"; };
		6DD79C232A2473DD008F576D /* Info.plist */ = {isa = PBXFileReference; lastKnownFileType = text.plist.xml; path = Info.plist; sourceTree = "<group>"; };
		6DD79C2D2A247B68008F576D /* AddTask.swift */ = {isa = PBXFileReference; lastKnownFileType = sourcecode.swift; path = AddTask.swift; sourceTree = "<group>"; };
		6DD79C2F2A2480DB008F576D /* CoreDataViewModel.swift */ = {isa = PBXFileReference; lastKnownFileType = sourcecode.swift; path = CoreDataViewModel.swift; sourceTree = "<group>"; };
		6DD79C312A24879B008F576D /* TaskList.swift */ = {isa = PBXFileReference; lastKnownFileType = sourcecode.swift; path = TaskList.swift; sourceTree = "<group>"; };
		6DD79C352A248F03008F576D /* NoteCell.swift */ = {isa = PBXFileReference; lastKnownFileType = sourcecode.swift; path = NoteCell.swift; sourceTree = "<group>"; };
		6DD79C382A24C2CE008F576D /* DatePicker.swift */ = {isa = PBXFileReference; lastKnownFileType = sourcecode.swift; path = DatePicker.swift; sourceTree = "<group>"; };
/* End PBXFileReference section */

/* Begin PBXFrameworksBuildPhase section */
		6DD79C0C2A2473DB008F576D /* Frameworks */ = {
			isa = PBXFrameworksBuildPhase;
			buildActionMask = 2147483647;
			files = (
			);
			runOnlyForDeploymentPostprocessing = 0;
		};
/* End PBXFrameworksBuildPhase section */

/* Begin PBXGroup section */
		6DD79C062A2473DB008F576D = {
			isa = PBXGroup;
			children = (
				6DD79C112A2473DB008F576D /* NotesApp */,
				6DD79C102A2473DB008F576D /* Products */,
			);
			sourceTree = "<group>";
		};
		6DD79C102A2473DB008F576D /* Products */ = {
			isa = PBXGroup;
			children = (
				6DD79C0F2A2473DB008F576D /* NotesApp.app */,
			);
			name = Products;
			sourceTree = "<group>";
		};
		6DD79C112A2473DB008F576D /* NotesApp */ = {
			isa = PBXGroup;
			children = (
				6DD79C372A24C2C2008F576D /* Utility */,
				6DD79C332A248EE0008F576D /* View */,
				6DD79C292A2474A7008F576D /* ViewModel */,
				6DD79C122A2473DB008F576D /* AppDelegate.swift */,
				6DD79C142A2473DB008F576D /* SceneDelegate.swift */,
				6DD79C182A2473DB008F576D /* Main.storyboard */,
				6DD79C1E2A2473DD008F576D /* Assets.xcassets */,
				6DD79C202A2473DD008F576D /* LaunchScreen.storyboard */,
				6DD79C232A2473DD008F576D /* Info.plist */,
				6DD79C1B2A2473DB008F576D /* NotesApp.xcdatamodeld */,
			);
			path = NotesApp;
			sourceTree = "<group>";
		};
		6DD79C292A2474A7008F576D /* ViewModel */ = {
			isa = PBXGroup;
			children = (
				6DD79C2F2A2480DB008F576D /* CoreDataViewModel.swift */,
			);
			path = ViewModel;
			sourceTree = "<group>";
		};
		6DD79C2C2A247B1A008F576D /* ViewControllers */ = {
			isa = PBXGroup;
			children = (
				6DD79C162A2473DB008F576D /* HomeVC.swift */,
				6DD79C2D2A247B68008F576D /* AddTask.swift */,
				6DD79C312A24879B008F576D /* TaskList.swift */,
			);
			path = ViewControllers;
			sourceTree = "<group>";
		};
		6DD79C332A248EE0008F576D /* View */ = {
			isa = PBXGroup;
			children = (
				6DD79C342A248EEA008F576D /* Cells */,
				6DD79C2C2A247B1A008F576D /* ViewControllers */,
			);
			path = View;
			sourceTree = "<group>";
		};
		6DD79C342A248EEA008F576D /* Cells */ = {
			isa = PBXGroup;
			children = (
				6DD79C352A248F03008F576D /* NoteCell.swift */,
			);
			path = Cells;
			sourceTree = "<group>";
		};
		6DD79C372A24C2C2008F576D /* Utility */ = {
			isa = PBXGroup;
			children = (
				6DD79C382A24C2CE008F576D /* DatePicker.swift */,
			);
			path = Utility;
			sourceTree = "<group>";
		};
/* End PBXGroup section */

/* Begin PBXNativeTarget section */
		6DD79C0E2A2473DB008F576D /* NotesApp */ = {
			isa = PBXNativeTarget;
			buildConfigurationList = 6DD79C262A2473DD008F576D /* Build configuration list for PBXNativeTarget "NotesApp" */;
			buildPhases = (
				6DD79C0B2A2473DB008F576D /* Sources */,
				6DD79C0C2A2473DB008F576D /* Frameworks */,
				6DD79C0D2A2473DB008F576D /* Resources */,
			);
			buildRules = (
			);
			dependencies = (
			);
			name = NotesApp;
			productName = NotesApp;
			productReference = 6DD79C0F2A2473DB008F576D /* NotesApp.app */;
			productType = "com.apple.product-type.application";
		};
/* End PBXNativeTarget section */

/* Begin PBXProject section */
		6DD79C072A2473DB008F576D /* Project object */ = {
			isa = PBXProject;
			attributes = {
				BuildIndependentTargetsInParallel = 1;
				LastSwiftUpdateCheck = 1420;
				LastUpgradeCheck = 1420;
				TargetAttributes = {
					6DD79C0E2A2473DB008F576D = {
						CreatedOnToolsVersion = 14.2;
					};
				};
			};
			buildConfigurationList = 6DD79C0A2A2473DB008F576D /* Build configuration list for PBXProject "NotesApp" */;
			compatibilityVersion = "Xcode 14.0";
			developmentRegion = en;
			hasScannedForEncodings = 0;
			knownRegions = (
				en,
				Base,
			);
			mainGroup = 6DD79C062A2473DB008F576D;
			productRefGroup = 6DD79C102A2473DB008F576D /* Products */;
			projectDirPath = "";
			projectRoot = "";
			targets = (
				6DD79C0E2A2473DB008F576D /* NotesApp */,
			);
		};
/* End PBXProject section */

/* Begin PBXResourcesBuildPhase section */
		6DD79C0D2A2473DB008F576D /* Resources */ = {
			isa = PBXResourcesBuildPhase;
			buildActionMask = 2147483647;
			files = (
				6DD79C222A2473DD008F576D /* LaunchScreen.storyboard in Resources */,
				6DD79C1F2A2473DD008F576D /* Assets.xcassets in Resources */,
				6DD79C1A2A2473DB008F576D /* Main.storyboard in Resources */,
			);
			runOnlyForDeploymentPostprocessing = 0;
		};
/* End PBXResourcesBuildPhase section */

/* Begin PBXSourcesBuildPhase section */
		6DD79C0B2A2473DB008F576D /* Sources */ = {
			isa = PBXSourcesBuildPhase;
			buildActionMask = 2147483647;
			files = (
				6DD79C322A24879B008F576D /* TaskList.swift in Sources */,
				6DD79C172A2473DB008F576D /* HomeVC.swift in Sources */,
				6DD79C132A2473DB008F576D /* AppDelegate.swift in Sources */,
				6DD79C392A24C306008F576D /* DatePicker.swift in Sources */,
				6DD79C302A2480DB008F576D /* CoreDataViewModel.swift in Sources */,
				6DD79C2E2A247B68008F576D /* AddTask.swift in Sources */,
				6DD79C152A2473DB008F576D /* SceneDelegate.swift in Sources */,
				6DD79C362A248F03008F576D /* NoteCell.swift in Sources */,
				6DD79C1D2A2473DB008F576D /* NotesApp.xcdatamodeld in Sources */,
			);
			runOnlyForDeploymentPostprocessing = 0;
		};
/* End PBXSourcesBuildPhase section */

/* Begin PBXVariantGroup section */
		6DD79C182A2473DB008F576D /* Main.storyboard */ = {
			isa = PBXVariantGroup;
			children = (
				6DD79C192A2473DB008F576D /* Base */,
			);
			name = Main.storyboard;
			sourceTree = "<group>";
		};
		6DD79C202A2473DD008F576D /* LaunchScreen.storyboard */ = {
			isa = PBXVariantGroup;
			children = (
				6DD79C212A2473DD008F576D /* Base */,
			);
			name = LaunchScreen.storyboard;
			sourceTree = "<group>";
		};
/* End PBXVariantGroup section */

/* Begin XCBuildConfiguration section */
		6DD79C242A2473DD008F576D /* Debug */ = {
			isa = XCBuildConfiguration;
			buildSettings = {
				ALWAYS_SEARCH_USER_PATHS = NO;
				CLANG_ANALYZER_NONNULL = YES;
				CLANG_ANALYZER_NUMBER_OBJECT_CONVERSION = YES_AGGRESSIVE;
				CLANG_CXX_LANGUAGE_STANDARD = "gnu++20";
				CLANG_ENABLE_MODULES = YES;
				CLANG_ENABLE_OBJC_ARC = YES;
				CLANG_ENABLE_OBJC_WEAK = YES;
				CLANG_WARN_BLOCK_CAPTURE_AUTORELEASING = YES;
				CLANG_WARN_BOOL_CONVERSION = YES;
				CLANG_WARN_COMMA = YES;
				CLANG_WARN_CONSTANT_CONVERSION = YES;
				CLANG_WARN_DEPRECATED_OBJC_IMPLEMENTATIONS = YES;
				CLANG_WARN_DIRECT_OBJC_ISA_USAGE = YES_ERROR;
				CLANG_WARN_DOCUMENTATION_COMMENTS = YES;
				CLANG_WARN_EMPTY_BODY = YES;
				CLANG_WARN_ENUM_CONVERSION = YES;
				CLANG_WARN_INFINITE_RECURSION = YES;
				CLANG_WARN_INT_CONVERSION = YES;
				CLANG_WARN_NON_LITERAL_NULL_CONVERSION = YES;
				CLANG_WARN_OBJC_IMPLICIT_RETAIN_SELF = YES;
				CLANG_WARN_OBJC_LITERAL_CONVERSION = YES;
				CLANG_WARN_OBJC_ROOT_CLASS = YES_ERROR;
				CLANG_WARN_QUOTED_INCLUDE_IN_FRAMEWORK_HEADER = YES;
				CLANG_WARN_RANGE_LOOP_ANALYSIS = YES;
				CLANG_WARN_STRICT_PROTOTYPES = YES;
				CLANG_WARN_SUSPICIOUS_MOVE = YES;
				CLANG_WARN_UNGUARDED_AVAILABILITY = YES_AGGRESSIVE;
				CLANG_WARN_UNREACHABLE_CODE = YES;
				CLANG_WARN__DUPLICATE_METHOD_MATCH = YES;
				COPY_PHASE_STRIP = NO;
				DEBUG_INFORMATION_FORMAT = dwarf;
				ENABLE_STRICT_OBJC_MSGSEND = YES;
				ENABLE_TESTABILITY = YES;
				GCC_C_LANGUAGE_STANDARD = gnu11;
				GCC_DYNAMIC_NO_PIC = NO;
				GCC_NO_COMMON_BLOCKS = YES;
				GCC_OPTIMIZATION_LEVEL = 0;
				GCC_PREPROCESSOR_DEFINITIONS = (
					"DEBUG=1",
					"$(inherited)",
				);
				GCC_WARN_64_TO_32_BIT_CONVERSION = YES;
				GCC_WARN_ABOUT_RETURN_TYPE = YES_ERROR;
				GCC_WARN_UNDECLARED_SELECTOR = YES;
				GCC_WARN_UNINITIALIZED_AUTOS = YES_AGGRESSIVE;
				GCC_WARN_UNUSED_FUNCTION = YES;
				GCC_WARN_UNUSED_VARIABLE = YES;
				IPHONEOS_DEPLOYMENT_TARGET = 16.2;
				MTL_ENABLE_DEBUG_INFO = INCLUDE_SOURCE;
				MTL_FAST_MATH = YES;
				ONLY_ACTIVE_ARCH = YES;
				SDKROOT = iphoneos;
				SWIFT_ACTIVE_COMPILATION_CONDITIONS = DEBUG;
				SWIFT_OPTIMIZATION_LEVEL = "-Onone";
			};
			name = Debug;
		};
		6DD79C252A2473DD008F576D /* Release */ = {
			isa = XCBuildConfiguration;
			buildSettings = {
				ALWAYS_SEARCH_USER_PATHS = NO;
				CLANG_ANALYZER_NONNULL = YES;
				CLANG_ANALYZER_NUMBER_OBJECT_CONVERSION = YES_AGGRESSIVE;
				CLANG_CXX_LANGUAGE_STANDARD = "gnu++20";
				CLANG_ENABLE_MODULES = YES;
				CLANG_ENABLE_OBJC_ARC = YES;
				CLANG_ENABLE_OBJC_WEAK = YES;
				CLANG_WARN_BLOCK_CAPTURE_AUTORELEASING = YES;
				CLANG_WARN_BOOL_CONVERSION = YES;
				CLANG_WARN_COMMA = YES;
				CLANG_WARN_CONSTANT_CONVERSION = YES;
				CLANG_WARN_DEPRECATED_OBJC_IMPLEMENTATIONS = YES;
				CLANG_WARN_DIRECT_OBJC_ISA_USAGE = YES_ERROR;
				CLANG_WARN_DOCUMENTATION_COMMENTS = YES;
				CLANG_WARN_EMPTY_BODY = YES;
				CLANG_WARN_ENUM_CONVERSION = YES;
				CLANG_WARN_INFINITE_RECURSION = YES;
				CLANG_WARN_INT_CONVERSION = YES;
				CLANG_WARN_NON_LITERAL_NULL_CONVERSION = YES;
				CLANG_WARN_OBJC_IMPLICIT_RETAIN_SELF = YES;
				CLANG_WARN_OBJC_LITERAL_CONVERSION = YES;
				CLANG_WARN_OBJC_ROOT_CLASS = YES_ERROR;
				CLANG_WARN_QUOTED_INCLUDE_IN_FRAMEWORK_HEADER = YES;
				CLANG_WARN_RANGE_LOOP_ANALYSIS = YES;
				CLANG_WARN_STRICT_PROTOTYPES = YES;
				CLANG_WARN_SUSPICIOUS_MOVE = YES;
				CLANG_WARN_UNGUARDED_AVAILABILITY = YES_AGGRESSIVE;
				CLANG_WARN_UNREACHABLE_CODE = YES;
				CLANG_WARN__DUPLICATE_METHOD_MATCH = YES;
				COPY_PHASE_STRIP = NO;
				DEBUG_INFORMATION_FORMAT = "dwarf-with-dsym";
				ENABLE_NS_ASSERTIONS = NO;
				ENABLE_STRICT_OBJC_MSGSEND = YES;
				GCC_C_LANGUAGE_STANDARD = gnu11;
				GCC_NO_COMMON_BLOCKS = YES;
				GCC_WARN_64_TO_32_BIT_CONVERSION = YES;
				GCC_WARN_ABOUT_RETURN_TYPE = YES_ERROR;
				GCC_WARN_UNDECLARED_SELECTOR = YES;
				GCC_WARN_UNINITIALIZED_AUTOS = YES_AGGRESSIVE;
				GCC_WARN_UNUSED_FUNCTION = YES;
				GCC_WARN_UNUSED_VARIABLE = YES;
				IPHONEOS_DEPLOYMENT_TARGET = 16.2;
				MTL_ENABLE_DEBUG_INFO = NO;
				MTL_FAST_MATH = YES;
				SDKROOT = iphoneos;
				SWIFT_COMPILATION_MODE = wholemodule;
				SWIFT_OPTIMIZATION_LEVEL = "-O";
				VALIDATE_PRODUCT = YES;
			};
			name = Release;
		};
		6DD79C272A2473DD008F576D /* Debug */ = {
			isa = XCBuildConfiguration;
			buildSettings = {
				ASSETCATALOG_COMPILER_APPICON_NAME = AppIcon;
				ASSETCATALOG_COMPILER_GLOBAL_ACCENT_COLOR_NAME = AccentColor;
				CODE_SIGN_STYLE = Automatic;
				CURRENT_PROJECT_VERSION = 1;
				GENERATE_INFOPLIST_FILE = YES;
				INFOPLIST_FILE = NotesApp/Info.plist;
				INFOPLIST_KEY_UIApplicationSupportsIndirectInputEvents = YES;
				INFOPLIST_KEY_UILaunchStoryboardName = LaunchScreen;
				INFOPLIST_KEY_UIMainStoryboardFile = Main;
				INFOPLIST_KEY_UISupportedInterfaceOrientations_iPad = "UIInterfaceOrientationPortrait UIInterfaceOrientationPortraitUpsideDown UIInterfaceOrientationLandscapeLeft UIInterfaceOrientationLandscapeRight";
				INFOPLIST_KEY_UISupportedInterfaceOrientations_iPhone = "UIInterfaceOrientationPortrait UIInterfaceOrientationLandscapeLeft UIInterfaceOrientationLandscapeRight";
				LD_RUNPATH_SEARCH_PATHS = (
					"$(inherited)",
					"@executable_path/Frameworks",
				);
				MARKETING_VERSION = 1.0;
				PRODUCT_BUNDLE_IDENTIFIER = notes.app.NotesApp;
				PRODUCT_NAME = "$(TARGET_NAME)";
				SWIFT_EMIT_LOC_STRINGS = YES;
				SWIFT_VERSION = 5.0;
				TARGETED_DEVICE_FAMILY = "1,2";
			};
			name = Debug;
		};
		6DD79C282A2473DD008F576D /* Release */ = {
			isa = XCBuildConfiguration;
			buildSettings = {
				ASSETCATALOG_COMPILER_APPICON_NAME = AppIcon;
				ASSETCATALOG_COMPILER_GLOBAL_ACCENT_COLOR_NAME = AccentColor;
				CODE_SIGN_STYLE = Automatic;
				CURRENT_PROJECT_VERSION = 1;
				GENERATE_INFOPLIST_FILE = YES;
				INFOPLIST_FILE = NotesApp/Info.plist;
				INFOPLIST_KEY_UIApplicationSupportsIndirectInputEvents = YES;
				INFOPLIST_KEY_UILaunchStoryboardName = LaunchScreen;
				INFOPLIST_KEY_UIMainStoryboardFile = Main;
				INFOPLIST_KEY_UISupportedInterfaceOrientations_iPad = "UIInterfaceOrientationPortrait UIInterfaceOrientationPortraitUpsideDown UIInterfaceOrientationLandscapeLeft UIInterfaceOrientationLandscapeRight";
				INFOPLIST_KEY_UISupportedInterfaceOrientations_iPhone = "UIInterfaceOrientationPortrait UIInterfaceOrientationLandscapeLeft UIInterfaceOrientationLandscapeRight";
				LD_RUNPATH_SEARCH_PATHS = (
					"$(inherited)",
					"@executable_path/Frameworks",
				);
				MARKETING_VERSION = 1.0;
				PRODUCT_BUNDLE_IDENTIFIER = notes.app.NotesApp;
				PRODUCT_NAME = "$(TARGET_NAME)";
				SWIFT_EMIT_LOC_STRINGS = YES;
				SWIFT_VERSION = 5.0;
				TARGETED_DEVICE_FAMILY = "1,2";
			};
			name = Release;
		};
/* End XCBuildConfiguration section */

/* Begin XCConfigurationList section */
		6DD79C0A2A2473DB008F576D /* Build configuration list for PBXProject "NotesApp" */ = {
			isa = XCConfigurationList;
			buildConfigurations = (
				6DD79C242A2473DD008F576D /* Debug */,
				6DD79C252A2473DD008F576D /* Release */,
			);
			defaultConfigurationIsVisible = 0;
			defaultConfigurationName = Release;
		};
		6DD79C262A2473DD008F576D /* Build configuration list for PBXNativeTarget "NotesApp" */ = {
			isa = XCConfigurationList;
			buildConfigurations = (
				6DD79C272A2473DD008F576D /* Debug */,
				6DD79C282A2473DD008F576D /* Release */,
			);
			defaultConfigurationIsVisible = 0;
			defaultConfigurationName = Release;
		};
/* End XCConfigurationList section */

/* Begin XCVersionGroup section */
		6DD79C1B2A2473DB008F576D /* NotesApp.xcdatamodeld */ = {
			isa = XCVersionGroup;
			children = (
				6DD79C1C2A2473DB008F576D /* NotesApp.xcdatamodel */,
			);
			currentVersion = 6DD79C1C2A2473DB008F576D /* NotesApp.xcdatamodel */;
			path = NotesApp.xcdatamodeld;
			sourceTree = "<group>";
			versionGroupType = wrapper.xcdatamodel;
		};
/* End XCVersionGroup section */
	};
	rootObject = 6DD79C072A2473DB008F576D /* Project object */;
}
